// !$*UTF8*$!
{
	archiveVersion = 1;
	classes = {
	};
	objectVersion = 55;
	objects = {

/* Begin PBXBuildFile section */
		90CC837627EB7A34001183B5 /* ContentView.swift in Sources */ = {isa = PBXBuildFile; fileRef = 90CC836F27EB7A33001183B5 /* ContentView.swift */; };
		90CC837827EB7A34001183B5 /* SVGMacawView.swift in Sources */ = {isa = PBXBuildFile; fileRef = 90CC837127EB7A33001183B5 /* SVGMacawView.swift */; };
		90CC837927EB7A34001183B5 /* SVGControllerApp.swift in Sources */ = {isa = PBXBuildFile; fileRef = 90CC837227EB7A33001183B5 /* SVGControllerApp.swift */; };
		90CC837A27EB7A34001183B5 /* SVGViewModel.swift in Sources */ = {isa = PBXBuildFile; fileRef = 90CC837327EB7A33001183B5 /* SVGViewModel.swift */; };
		90CC837C27EB7A34001183B5 /* SVGView.swift in Sources */ = {isa = PBXBuildFile; fileRef = 90CC837527EB7A34001183B5 /* SVGView.swift */; };
		90CC838227EB7B77001183B5 /* SvgTest.svg in Resources */ = {isa = PBXBuildFile; fileRef = 90CC838127EB7B77001183B5 /* SvgTest.svg */; };
		90F4AF2B27C265C800B5CA5D /* Assets.xcassets in Resources */ = {isa = PBXBuildFile; fileRef = 90F4AF2A27C265C800B5CA5D /* Assets.xcassets */; };
		90F4AF2E27C265C800B5CA5D /* Preview Assets.xcassets in Resources */ = {isa = PBXBuildFile; fileRef = 90F4AF2D27C265C800B5CA5D /* Preview Assets.xcassets */; };
		D548BB810342C5D13A031BD8 /* Pods_SVGController.framework in Frameworks */ = {isa = PBXBuildFile; fileRef = AF60F0A62EFC3D54A89775FB /* Pods_SVGController.framework */; };
/* End PBXBuildFile section */

/* Begin PBXFileReference section */
		2942FC019536B4EEE3E7DB03 /* Pods-SVGController.debug.xcconfig */ = {isa = PBXFileReference; includeInIndex = 1; lastKnownFileType = text.xcconfig; name = "Pods-SVGController.debug.xcconfig"; path = "Target Support Files/Pods-SVGController/Pods-SVGController.debug.xcconfig"; sourceTree = "<group>"; };
		90CC836F27EB7A33001183B5 /* ContentView.swift */ = {isa = PBXFileReference; fileEncoding = 4; lastKnownFileType = sourcecode.swift; name = ContentView.swift; path = "../../../../Downloads/SVGController-main/ContentView.swift"; sourceTree = "<group>"; };
		90CC837127EB7A33001183B5 /* SVGMacawView.swift */ = {isa = PBXFileReference; fileEncoding = 4; lastKnownFileType = sourcecode.swift; path = SVGMacawView.swift; sourceTree = "<group>"; };
		90CC837227EB7A33001183B5 /* SVGControllerApp.swift */ = {isa = PBXFileReference; fileEncoding = 4; lastKnownFileType = sourcecode.swift; name = SVGControllerApp.swift; path = "../../../../Downloads/SVGController-main/SVGControllerApp.swift"; sourceTree = "<group>"; };
		90CC837327EB7A33001183B5 /* SVGViewModel.swift */ = {isa = PBXFileReference; fileEncoding = 4; lastKnownFileType = sourcecode.swift; path = SVGViewModel.swift; sourceTree = "<group>"; };
		90CC837527EB7A34001183B5 /* SVGView.swift */ = {isa = PBXFileReference; fileEncoding = 4; lastKnownFileType = sourcecode.swift; path = SVGView.swift; sourceTree = "<group>"; };
		90CC838127EB7B77001183B5 /* SvgTest.svg */ = {isa = PBXFileReference; fileEncoding = 4; lastKnownFileType = text; path = SvgTest.svg; sourceTree = "<group>"; };
		90F4AF2327C265C700B5CA5D /* SVGController.app */ = {isa = PBXFileReference; explicitFileType = wrapper.application; includeInIndex = 0; path = SVGController.app; sourceTree = BUILT_PRODUCTS_DIR; };
		90F4AF2A27C265C800B5CA5D /* Assets.xcassets */ = {isa = PBXFileReference; lastKnownFileType = folder.assetcatalog; path = Assets.xcassets; sourceTree = "<group>"; };
		90F4AF2D27C265C800B5CA5D /* Preview Assets.xcassets */ = {isa = PBXFileReference; lastKnownFileType = folder.assetcatalog; path = "Preview Assets.xcassets"; sourceTree = "<group>"; };
		AF60F0A62EFC3D54A89775FB /* Pods_SVGController.framework */ = {isa = PBXFileReference; explicitFileType = wrapper.framework; includeInIndex = 0; path = Pods_SVGController.framework; sourceTree = BUILT_PRODUCTS_DIR; };
		E491218B7CD064C3372EE45A /* Pods-SVGController.release.xcconfig */ = {isa = PBXFileReference; includeInIndex = 1; lastKnownFileType = text.xcconfig; name = "Pods-SVGController.release.xcconfig"; path = "Target Support Files/Pods-SVGController/Pods-SVGController.release.xcconfig"; sourceTree = "<group>"; };
/* End PBXFileReference section */

/* Begin PBXFrameworksBuildPhase section */
		90F4AF2027C265C700B5CA5D /* Frameworks */ = {
			isa = PBXFrameworksBuildPhase;
			buildActionMask = 2147483647;
			files = (
				D548BB810342C5D13A031BD8 /* Pods_SVGController.framework in Frameworks */,
			);
			runOnlyForDeploymentPostprocessing = 0;
		};
/* End PBXFrameworksBuildPhase section */

/* Begin PBXGroup section */
		66B8D50F78721BCC284C6B66 /* Frameworks */ = {
			isa = PBXGroup;
			children = (
				AF60F0A62EFC3D54A89775FB /* Pods_SVGController.framework */,
			);
			name = Frameworks;
			sourceTree = "<group>";
		};
		90F4AF1A27C265C700B5CA5D = {
			isa = PBXGroup;
			children = (
				90F4AF2527C265C700B5CA5D /* SVGController */,
				90F4AF2427C265C700B5CA5D /* Products */,
				B300A397886CA5C3339B7C0D /* Pods */,
				66B8D50F78721BCC284C6B66 /* Frameworks */,
			);
			sourceTree = "<group>";
		};
		90F4AF2427C265C700B5CA5D /* Products */ = {
			isa = PBXGroup;
			children = (
				90F4AF2327C265C700B5CA5D /* SVGController.app */,
			);
			name = Products;
			sourceTree = "<group>";
		};
		90F4AF2527C265C700B5CA5D /* SVGController */ = {
			isa = PBXGroup;
			children = (
				90CC838127EB7B77001183B5 /* SvgTest.svg */,
				90CC836F27EB7A33001183B5 /* ContentView.swift */,
				90CC837227EB7A33001183B5 /* SVGControllerApp.swift */,
				90CC837127EB7A33001183B5 /* SVGMacawView.swift */,
				90CC837527EB7A34001183B5 /* SVGView.swift */,
				90CC837327EB7A33001183B5 /* SVGViewModel.swift */,
				90F4AF2A27C265C800B5CA5D /* Assets.xcassets */,
				90F4AF2C27C265C800B5CA5D /* Preview Content */,
			);
			path = SVGController;
			sourceTree = "<group>";
		};
		90F4AF2C27C265C800B5CA5D /* Preview Content */ = {
			isa = PBXGroup;
			children = (
				90F4AF2D27C265C800B5CA5D /* Preview Assets.xcassets */,
			);
			path = "Preview Content";
			sourceTree = "<group>";
		};
		B300A397886CA5C3339B7C0D /* Pods */ = {
			isa = PBXGroup;
			children = (
				2942FC019536B4EEE3E7DB03 /* Pods-SVGController.debug.xcconfig */,
				E491218B7CD064C3372EE45A /* Pods-SVGController.release.xcconfig */,
			);
			path = Pods;
			sourceTree = "<group>";
		};
/* End PBXGroup section */

/* Begin PBXNativeTarget section */
		90F4AF2227C265C700B5CA5D /* SVGController */ = {
			isa = PBXNativeTarget;
			buildConfigurationList = 90F4AF3127C265C800B5CA5D /* Build configuration list for PBXNativeTarget "SVGController" */;
			buildPhases = (
				FF30A6B621763A185AABADC8 /* [CP] Check Pods Manifest.lock */,
				90F4AF1F27C265C700B5CA5D /* Sources */,
				90F4AF2027C265C700B5CA5D /* Frameworks */,
				90F4AF2127C265C700B5CA5D /* Resources */,
				398C180BDD5DD3134ECFD613 /* [CP] Embed Pods Frameworks */,
			);
			buildRules = (
			);
			dependencies = (
			);
			name = SVGController;
			productName = SVGController;
			productReference = 90F4AF2327C265C700B5CA5D /* SVGController.app */;
			productType = "com.apple.product-type.application";
		};
/* End PBXNativeTarget section */

/* Begin PBXProject section */
		90F4AF1B27C265C700B5CA5D /* Project object */ = {
			isa = PBXProject;
			attributes = {
				BuildIndependentTargetsInParallel = 1;
				LastSwiftUpdateCheck = 1320;
				LastUpgradeCheck = 1320;
				TargetAttributes = {
					90F4AF2227C265C700B5CA5D = {
						CreatedOnToolsVersion = 13.2.1;
					};
				};
			};
			buildConfigurationList = 90F4AF1E27C265C700B5CA5D /* Build configuration list for PBXProject "SVGController" */;
			compatibilityVersion = "Xcode 13.0";
			developmentRegion = en;
			hasScannedForEncodings = 0;
			knownRegions = (
				en,
				Base,
			);
			mainGroup = 90F4AF1A27C265C700B5CA5D;
			productRefGroup = 90F4AF2427C265C700B5CA5D /* Products */;
			projectDirPath = "";
			projectRoot = "";
			targets = (
				90F4AF2227C265C700B5CA5D /* SVGController */,
			);
		};
/* End PBXProject section */

/* Begin PBXResourcesBuildPhase section */
		90F4AF2127C265C700B5CA5D /* Resources */ = {
			isa = PBXResourcesBuildPhase;
			buildActionMask = 2147483647;
			files = (
				90CC838227EB7B77001183B5 /* SvgTest.svg in Resources */,
				90F4AF2E27C265C800B5CA5D /* Preview Assets.xcassets in Resources */,
				90F4AF2B27C265C800B5CA5D /* Assets.xcassets in Resources */,
			);
			runOnlyForDeploymentPostprocessing = 0;
		};
/* End PBXResourcesBuildPhase section */

/* Begin PBXShellScriptBuildPhase section */
		398C180BDD5DD3134ECFD613 /* [CP] Embed Pods Frameworks */ = {
			isa = PBXShellScriptBuildPhase;
			buildActionMask = 2147483647;
			files = (
			);
			inputFileListPaths = (
				"${PODS_ROOT}/Target Support Files/Pods-SVGController/Pods-SVGController-frameworks-${CONFIGURATION}-input-files.xcfilelist",
			);
			name = "[CP] Embed Pods Frameworks";
			outputFileListPaths = (
				"${PODS_ROOT}/Target Support Files/Pods-SVGController/Pods-SVGController-frameworks-${CONFIGURATION}-output-files.xcfilelist",
			);
			runOnlyForDeploymentPostprocessing = 0;
			shellPath = /bin/sh;
			shellScript = "\"${PODS_ROOT}/Target Support Files/Pods-SVGController/Pods-SVGController-frameworks.sh\"\n";
			showEnvVarsInLog = 0;
		};
		FF30A6B621763A185AABADC8 /* [CP] Check Pods Manifest.lock */ = {
			isa = PBXShellScriptBuildPhase;
			buildActionMask = 2147483647;
			files = (
			);
			inputFileListPaths = (
			);
			inputPaths = (
				"${PODS_PODFILE_DIR_PATH}/Podfile.lock",
				"${PODS_ROOT}/Manifest.lock",
			);
			name = "[CP] Check Pods Manifest.lock";
			outputFileListPaths = (
			);
			outputPaths = (
				"$(DERIVED_FILE_DIR)/Pods-SVGController-checkManifestLockResult.txt",
			);
			runOnlyForDeploymentPostprocessing = 0;
			shellPath = /bin/sh;
			shellScript = "diff \"${PODS_PODFILE_DIR_PATH}/Podfile.lock\" \"${PODS_ROOT}/Manifest.lock\" > /dev/null\nif [ $? != 0 ] ; then\n    # print error to STDERR\n    echo \"error: The sandbox is not in sync with the Podfile.lock. Run 'pod install' or update your CocoaPods installation.\" >&2\n    exit 1\nfi\n# This output is used by Xcode 'outputs' to avoid re-running this script phase.\necho \"SUCCESS\" > \"${SCRIPT_OUTPUT_FILE_0}\"\n";
			showEnvVarsInLog = 0;
		};
/* End PBXShellScriptBuildPhase section */

/* Begin PBXSourcesBuildPhase section */
		90F4AF1F27C265C700B5CA5D /* Sources */ = {
			isa = PBXSourcesBuildPhase;
			buildActionMask = 2147483647;
			files = (
				90CC837A27EB7A34001183B5 /* SVGViewModel.swift in Sources */,
				90CC837827EB7A34001183B5 /* SVGMacawView.swift in Sources */,
				90CC837627EB7A34001183B5 /* ContentView.swift in Sources */,
				90CC837C27EB7A34001183B5 /* SVGView.swift in Sources */,
				90CC837927EB7A34001183B5 /* SVGControllerApp.swift in Sources */,
			);
			runOnlyForDeploymentPostprocessing = 0;
		};
/* End PBXSourcesBuildPhase section */

/* Begin XCBuildConfiguration section */
		90F4AF2F27C265C800B5CA5D /* Debug */ = {
			isa = XCBuildConfiguration;
			buildSettings = {
				ALWAYS_SEARCH_USER_PATHS = NO;
				CLANG_ANALYZER_NONNULL = YES;
				CLANG_ANALYZER_NUMBER_OBJECT_CONVERSION = YES_AGGRESSIVE;
				CLANG_CXX_LANGUAGE_STANDARD = "gnu++17";
				CLANG_CXX_LIBRARY = "libc++";
				CLANG_ENABLE_MODULES = YES;
				CLANG_ENABLE_OBJC_ARC = YES;
				CLANG_ENABLE_OBJC_WEAK = YES;
				CLANG_WARN_BLOCK_CAPTURE_AUTORELEASING = YES;
				CLANG_WARN_BOOL_CONVERSION = YES;
				CLANG_WARN_COMMA = YES;
				CLANG_WARN_CONSTANT_CONVERSION = YES;
				CLANG_WARN_DEPRECATED_OBJC_IMPLEMENTATIONS = YES;
				CLANG_WARN_DIRECT_OBJC_ISA_USAGE = YES_ERROR;
				CLANG_WARN_DOCUMENTATION_COMMENTS = YES;
				CLANG_WARN_EMPTY_BODY = YES;
				CLANG_WARN_ENUM_CONVERSION = YES;
				CLANG_WARN_INFINITE_RECURSION = YES;
				CLANG_WARN_INT_CONVERSION = YES;
				CLANG_WARN_NON_LITERAL_NULL_CONVERSION = YES;
				CLANG_WARN_OBJC_IMPLICIT_RETAIN_SELF = YES;
				CLANG_WARN_OBJC_LITERAL_CONVERSION = YES;
				CLANG_WARN_OBJC_ROOT_CLASS = YES_ERROR;
				CLANG_WARN_QUOTED_INCLUDE_IN_FRAMEWORK_HEADER = YES;
				CLANG_WARN_RANGE_LOOP_ANALYSIS = YES;
				CLANG_WARN_STRICT_PROTOTYPES = YES;
				CLANG_WARN_SUSPICIOUS_MOVE = YES;
				CLANG_WARN_UNGUARDED_AVAILABILITY = YES_AGGRESSIVE;
				CLANG_WARN_UNREACHABLE_CODE = YES;
				CLANG_WARN__DUPLICATE_METHOD_MATCH = YES;
				COPY_PHASE_STRIP = NO;
				DEBUG_INFORMATION_FORMAT = dwarf;
				ENABLE_STRICT_OBJC_MSGSEND = YES;
				ENABLE_TESTABILITY = YES;
				GCC_C_LANGUAGE_STANDARD = gnu11;
				GCC_DYNAMIC_NO_PIC = NO;
				GCC_NO_COMMON_BLOCKS = YES;
				GCC_OPTIMIZATION_LEVEL = 0;
				GCC_PREPROCESSOR_DEFINITIONS = (
					"DEBUG=1",
					"$(inherited)",
				);
				GCC_WARN_64_TO_32_BIT_CONVERSION = YES;
				GCC_WARN_ABOUT_RETURN_TYPE = YES_ERROR;
				GCC_WARN_UNDECLARED_SELECTOR = YES;
				GCC_WARN_UNINITIALIZED_AUTOS = YES_AGGRESSIVE;
				GCC_WARN_UNUSED_FUNCTION = YES;
				GCC_WARN_UNUSED_VARIABLE = YES;
				IPHONEOS_DEPLOYMENT_TARGET = 15.2;
				MTL_ENABLE_DEBUG_INFO = INCLUDE_SOURCE;
				MTL_FAST_MATH = YES;
				ONLY_ACTIVE_ARCH = YES;
				SDKROOT = iphoneos;
				SWIFT_ACTIVE_COMPILATION_CONDITIONS = DEBUG;
				SWIFT_OPTIMIZATION_LEVEL = "-Onone";
			};
			name = Debug;
		};
		90F4AF3027C265C800B5CA5D /* Release */ = {
			isa = XCBuildConfiguration;
			buildSettings = {
				ALWAYS_SEARCH_USER_PATHS = NO;
				CLANG_ANALYZER_NONNULL = YES;
				CLANG_ANALYZER_NUMBER_OBJECT_CONVERSION = YES_AGGRESSIVE;
				CLANG_CXX_LANGUAGE_STANDARD = "gnu++17";
				CLANG_CXX_LIBRARY = "libc++";
				CLANG_ENABLE_MODULES = YES;
				CLANG_ENABLE_OBJC_ARC = YES;
				CLANG_ENABLE_OBJC_WEAK = YES;
				CLANG_WARN_BLOCK_CAPTURE_AUTORELEASING = YES;
				CLANG_WARN_BOOL_CONVERSION = YES;
				CLANG_WARN_COMMA = YES;
				CLANG_WARN_CONSTANT_CONVERSION = YES;
				CLANG_WARN_DEPRECATED_OBJC_IMPLEMENTATIONS = YES;
				CLANG_WARN_DIRECT_OBJC_ISA_USAGE = YES_ERROR;
				CLANG_WARN_DOCUMENTATION_COMMENTS = YES;
				CLANG_WARN_EMPTY_BODY = YES;
				CLANG_WARN_ENUM_CONVERSION = YES;
				CLANG_WARN_INFINITE_RECURSION = YES;
				CLANG_WARN_INT_CONVERSION = YES;
				CLANG_WARN_NON_LITERAL_NULL_CONVERSION = YES;
				CLANG_WARN_OBJC_IMPLICIT_RETAIN_SELF = YES;
				CLANG_WARN_OBJC_LITERAL_CONVERSION = YES;
				CLANG_WARN_OBJC_ROOT_CLASS = YES_ERROR;
				CLANG_WARN_QUOTED_INCLUDE_IN_FRAMEWORK_HEADER = YES;
				CLANG_WARN_RANGE_LOOP_ANALYSIS = YES;
				CLANG_WARN_STRICT_PROTOTYPES = YES;
				CLANG_WARN_SUSPICIOUS_MOVE = YES;
				CLANG_WARN_UNGUARDED_AVAILABILITY = YES_AGGRESSIVE;
				CLANG_WARN_UNREACHABLE_CODE = YES;
				CLANG_WARN__DUPLICATE_METHOD_MATCH = YES;
				COPY_PHASE_STRIP = NO;
				DEBUG_INFORMATION_FORMAT = "dwarf-with-dsym";
				ENABLE_NS_ASSERTIONS = NO;
				ENABLE_STRICT_OBJC_MSGSEND = YES;
				GCC_C_LANGUAGE_STANDARD = gnu11;
				GCC_NO_COMMON_BLOCKS = YES;
				GCC_WARN_64_TO_32_BIT_CONVERSION = YES;
				GCC_WARN_ABOUT_RETURN_TYPE = YES_ERROR;
				GCC_WARN_UNDECLARED_SELECTOR = YES;
				GCC_WARN_UNINITIALIZED_AUTOS = YES_AGGRESSIVE;
				GCC_WARN_UNUSED_FUNCTION = YES;
				GCC_WARN_UNUSED_VARIABLE = YES;
				IPHONEOS_DEPLOYMENT_TARGET = 15.2;
				MTL_ENABLE_DEBUG_INFO = NO;
				MTL_FAST_MATH = YES;
				SDKROOT = iphoneos;
				SWIFT_COMPILATION_MODE = wholemodule;
				SWIFT_OPTIMIZATION_LEVEL = "-O";
				VALIDATE_PRODUCT = YES;
			};
			name = Release;
		};
		90F4AF3227C265C800B5CA5D /* Debug */ = {
			isa = XCBuildConfiguration;
			baseConfigurationReference = 2942FC019536B4EEE3E7DB03 /* Pods-SVGController.debug.xcconfig */;
			buildSettings = {
				ASSETCATALOG_COMPILER_APPICON_NAME = AppIcon;
				ASSETCATALOG_COMPILER_GLOBAL_ACCENT_COLOR_NAME = AccentColor;
				CODE_SIGN_STYLE = Automatic;
				CURRENT_PROJECT_VERSION = 1;
				DEVELOPMENT_ASSET_PATHS = "\"SVGController/Preview Content\"";
				DEVELOPMENT_TEAM = M97529JS77;
				ENABLE_PREVIEWS = YES;
				GENERATE_INFOPLIST_FILE = YES;
				INFOPLIST_KEY_UIApplicationSceneManifest_Generation = YES;
				INFOPLIST_KEY_UIApplicationSupportsIndirectInputEvents = YES;
				INFOPLIST_KEY_UILaunchScreen_Generation = YES;
				INFOPLIST_KEY_UISupportedInterfaceOrientations_iPad = "UIInterfaceOrientationPortrait UIInterfaceOrientationPortraitUpsideDown UIInterfaceOrientationLandscapeLeft UIInterfaceOrientationLandscapeRight";
				INFOPLIST_KEY_UISupportedInterfaceOrientations_iPhone = "UIInterfaceOrientationPortrait UIInterfaceOrientationLandscapeLeft UIInterfaceOrientationLandscapeRight";
				LD_RUNPATH_SEARCH_PATHS = (
					"$(inherited)",
					"@executable_path/Frameworks",
				);
				MARKETING_VERSION = 1.0;
				PRODUCT_BUNDLE_IDENTIFIER = com.constru.SVGController;
				PRODUCT_NAME = "$(TARGET_NAME)";
				SWIFT_EMIT_LOC_STRINGS = YES;
				SWIFT_VERSION = 5.0;
				TARGETED_DEVICE_FAMILY = "1,2";
			};
			name = Debug;
		};
		90F4AF3327C265C800B5CA5D /* Release */ = {
			isa = XCBuildConfiguration;
			baseConfigurationReference = E491218B7CD064C3372EE45A /* Pods-SVGController.release.xcconfig */;
			buildSettings = {
				ASSETCATALOG_COMPILER_APPICON_NAME = AppIcon;
				ASSETCATALOG_COMPILER_GLOBAL_ACCENT_COLOR_NAME = AccentColor;
				CODE_SIGN_STYLE = Automatic;
				CURRENT_PROJECT_VERSION = 1;
				DEVELOPMENT_ASSET_PATHS = "\"SVGController/Preview Content\"";
				DEVELOPMENT_TEAM = M97529JS77;
				ENABLE_PREVIEWS = YES;
				GENERATE_INFOPLIST_FILE = YES;
				INFOPLIST_KEY_UIApplicationSceneManifest_Generation = YES;
				INFOPLIST_KEY_UIApplicationSupportsIndirectInputEvents = YES;
				INFOPLIST_KEY_UILaunchScreen_Generation = YES;
				INFOPLIST_KEY_UISupportedInterfaceOrientations_iPad = "UIInterfaceOrientationPortrait UIInterfaceOrientationPortraitUpsideDown UIInterfaceOrientationLandscapeLeft UIInterfaceOrientationLandscapeRight";
				INFOPLIST_KEY_UISupportedInterfaceOrientations_iPhone = "UIInterfaceOrientationPortrait UIInterfaceOrientationLandscapeLeft UIInterfaceOrientationLandscapeRight";
				LD_RUNPATH_SEARCH_PATHS = (
					"$(inherited)",
					"@executable_path/Frameworks",
				);
				MARKETING_VERSION = 1.0;
				PRODUCT_BUNDLE_IDENTIFIER = com.constru.SVGController;
				PRODUCT_NAME = "$(TARGET_NAME)";
				SWIFT_EMIT_LOC_STRINGS = YES;
				SWIFT_VERSION = 5.0;
				TARGETED_DEVICE_FAMILY = "1,2";
			};
			name = Release;
		};
/* End XCBuildConfiguration section */

/* Begin XCConfigurationList section */
		90F4AF1E27C265C700B5CA5D /* Build configuration list for PBXProject "SVGController" */ = {
			isa = XCConfigurationList;
			buildConfigurations = (
				90F4AF2F27C265C800B5CA5D /* Debug */,
				90F4AF3027C265C800B5CA5D /* Release */,
			);
			defaultConfigurationIsVisible = 0;
			defaultConfigurationName = Release;
		};
		90F4AF3127C265C800B5CA5D /* Build configuration list for PBXNativeTarget "SVGController" */ = {
			isa = XCConfigurationList;
			buildConfigurations = (
				90F4AF3227C265C800B5CA5D /* Debug */,
				90F4AF3327C265C800B5CA5D /* Release */,
			);
			defaultConfigurationIsVisible = 0;
			defaultConfigurationName = Release;
		};
/* End XCConfigurationList section */
	};
	rootObject = 90F4AF1B27C265C700B5CA5D /* Project object */;
}
